// !$*UTF8*$!
{
	archiveVersion = 1;
	classes = {
	};
	objectVersion = 46;
	objects = {

/* Begin PBXBuildFile section */
		8B6CAA321CAAC525001F9BEB /* main.m in Sources */ = {isa = PBXBuildFile; fileRef = 8B6CAA311CAAC525001F9BEB /* main.m */; };
		8B6CAA351CAAC525001F9BEB /* AppDelegate.m in Sources */ = {isa = PBXBuildFile; fileRef = 8B6CAA341CAAC525001F9BEB /* AppDelegate.m */; };
		8B6CAA381CAAC525001F9BEB /* ViewController.m in Sources */ = {isa = PBXBuildFile; fileRef = 8B6CAA371CAAC525001F9BEB /* ViewController.m */; };
		8B6CAA3B1CAAC525001F9BEB /* Main.storyboard in Resources */ = {isa = PBXBuildFile; fileRef = 8B6CAA391CAAC525001F9BEB /* Main.storyboard */; };
		8B6CAA3D1CAAC525001F9BEB /* Assets.xcassets in Resources */ = {isa = PBXBuildFile; fileRef = 8B6CAA3C1CAAC525001F9BEB /* Assets.xcassets */; };
		8B6CAA401CAAC525001F9BEB /* LaunchScreen.storyboard in Resources */ = {isa = PBXBuildFile; fileRef = 8B6CAA3E1CAAC525001F9BEB /* LaunchScreen.storyboard */; };
		8B6CAA4B1CAAC525001F9BEB /* LxDBAnythingDemoTests.m in Sources */ = {isa = PBXBuildFile; fileRef = 8B6CAA4A1CAAC525001F9BEB /* LxDBAnythingDemoTests.m */; };
		8B6CAA561CAAC525001F9BEB /* LxDBAnythingDemoUITests.m in Sources */ = {isa = PBXBuildFile; fileRef = 8B6CAA551CAAC525001F9BEB /* LxDBAnythingDemoUITests.m */; };
		8B6CAA681CAAC556001F9BEB /* Person.m in Sources */ = {isa = PBXBuildFile; fileRef = 8B6CAA671CAAC556001F9BEB /* Person.m */; };
/* End PBXBuildFile section */

/* Begin PBXContainerItemProxy section */
		8B6CAA471CAAC525001F9BEB /* PBXContainerItemProxy */ = {
			isa = PBXContainerItemProxy;
			containerPortal = 8B6CAA251CAAC525001F9BEB /* Project object */;
			proxyType = 1;
			remoteGlobalIDString = 8B6CAA2C1CAAC525001F9BEB;
			remoteInfo = LxDBAnythingDemo;
		};
		8B6CAA521CAAC525001F9BEB /* PBXContainerItemProxy */ = {
			isa = PBXContainerItemProxy;
			containerPortal = 8B6CAA251CAAC525001F9BEB /* Project object */;
			proxyType = 1;
			remoteGlobalIDString = 8B6CAA2C1CAAC525001F9BEB;
			remoteInfo = LxDBAnythingDemo;
		};
/* End PBXContainerItemProxy section */

/* Begin PBXFileReference section */
		8B6CAA2D1CAAC525001F9BEB /* LxDBAnythingDemo.app */ = {isa = PBXFileReference; explicitFileType = wrapper.application; includeInIndex = 0; path = LxDBAnythingDemo.app; sourceTree = BUILT_PRODUCTS_DIR; };
		8B6CAA311CAAC525001F9BEB /* main.m */ = {isa = PBXFileReference; lastKnownFileType = sourcecode.c.objc; path = main.m; sourceTree = "<group>"; };
		8B6CAA331CAAC525001F9BEB /* AppDelegate.h */ = {isa = PBXFileReference; lastKnownFileType = sourcecode.c.h; path = AppDelegate.h; sourceTree = "<group>"; };
		8B6CAA341CAAC525001F9BEB /* AppDelegate.m */ = {isa = PBXFileReference; lastKnownFileType = sourcecode.c.objc; path = AppDelegate.m; sourceTree = "<group>"; };
		8B6CAA361CAAC525001F9BEB /* ViewController.h */ = {isa = PBXFileReference; lastKnownFileType = sourcecode.c.h; path = ViewController.h; sourceTree = "<group>"; };
		8B6CAA371CAAC525001F9BEB /* ViewController.m */ = {isa = PBXFileReference; lastKnownFileType = sourcecode.c.objc; path = ViewController.m; sourceTree = "<group>"; };
		8B6CAA3A1CAAC525001F9BEB /* Base */ = {isa = PBXFileReference; lastKnownFileType = file.storyboard; name = Base; path = Base.lproj/Main.storyboard; sourceTree = "<group>"; };
		8B6CAA3C1CAAC525001F9BEB /* Assets.xcassets */ = {isa = PBXFileReference; lastKnownFileType = folder.assetcatalog; path = Assets.xcassets; sourceTree = "<group>"; };
		8B6CAA3F1CAAC525001F9BEB /* Base */ = {isa = PBXFileReference; lastKnownFileType = file.storyboard; name = Base; path = Base.lproj/LaunchScreen.storyboard; sourceTree = "<group>"; };
		8B6CAA411CAAC525001F9BEB /* Info.plist */ = {isa = PBXFileReference; lastKnownFileType = text.plist.xml; path = Info.plist; sourceTree = "<group>"; };
		8B6CAA461CAAC525001F9BEB /* LxDBAnythingDemoTests.xctest */ = {isa = PBXFileReference; explicitFileType = wrapper.cfbundle; includeInIndex = 0; path = LxDBAnythingDemoTests.xctest; sourceTree = BUILT_PRODUCTS_DIR; };
		8B6CAA4A1CAAC525001F9BEB /* LxDBAnythingDemoTests.m */ = {isa = PBXFileReference; lastKnownFileType = sourcecode.c.objc; path = LxDBAnythingDemoTests.m; sourceTree = "<group>"; };
		8B6CAA4C1CAAC525001F9BEB /* Info.plist */ = {isa = PBXFileReference; lastKnownFileType = text.plist.xml; path = Info.plist; sourceTree = "<group>"; };
		8B6CAA511CAAC525001F9BEB /* LxDBAnythingDemoUITests.xctest */ = {isa = PBXFileReference; explicitFileType = wrapper.cfbundle; includeInIndex = 0; path = LxDBAnythingDemoUITests.xctest; sourceTree = BUILT_PRODUCTS_DIR; };
		8B6CAA551CAAC525001F9BEB /* LxDBAnythingDemoUITests.m */ = {isa = PBXFileReference; lastKnownFileType = sourcecode.c.objc; path = LxDBAnythingDemoUITests.m; sourceTree = "<group>"; };
		8B6CAA571CAAC525001F9BEB /* Info.plist */ = {isa = PBXFileReference; lastKnownFileType = text.plist.xml; path = Info.plist; sourceTree = "<group>"; };
		8B6CAA641CAAC541001F9BEB /* LxDBAnything.h */ = {isa = PBXFileReference; fileEncoding = 4; lastKnownFileType = sourcecode.c.h; path = LxDBAnything.h; sourceTree = "<group>"; };
		8B6CAA661CAAC556001F9BEB /* Person.h */ = {isa = PBXFileReference; fileEncoding = 4; lastKnownFileType = sourcecode.c.h; path = Person.h; sourceTree = "<group>"; };
		8B6CAA671CAAC556001F9BEB /* Person.m */ = {isa = PBXFileReference; fileEncoding = 4; lastKnownFileType = sourcecode.c.objc; path = Person.m; sourceTree = "<group>"; };
/* End PBXFileReference section */

/* Begin PBXFrameworksBuildPhase section */
		8B6CAA2A1CAAC525001F9BEB /* Frameworks */ = {
			isa = PBXFrameworksBuildPhase;
			buildActionMask = 2147483647;
			files = (
			);
			runOnlyForDeploymentPostprocessing = 0;
		};
		8B6CAA431CAAC525001F9BEB /* Frameworks */ = {
			isa = PBXFrameworksBuildPhase;
			buildActionMask = 2147483647;
			files = (
			);
			runOnlyForDeploymentPostprocessing = 0;
		};
		8B6CAA4E1CAAC525001F9BEB /* Frameworks */ = {
			isa = PBXFrameworksBuildPhase;
			buildActionMask = 2147483647;
			files = (
			);
			runOnlyForDeploymentPostprocessing = 0;
		};
/* End PBXFrameworksBuildPhase section */

/* Begin PBXGroup section */
		8B6CAA241CAAC525001F9BEB = {
			isa = PBXGroup;
			children = (
				8B6CAA2F1CAAC525001F9BEB /* LxDBAnythingDemo */,
				8B6CAA491CAAC525001F9BEB /* LxDBAnythingDemoTests */,
				8B6CAA541CAAC525001F9BEB /* LxDBAnythingDemoUITests */,
				8B6CAA2E1CAAC525001F9BEB /* Products */,
			);
			sourceTree = "<group>";
		};
		8B6CAA2E1CAAC525001F9BEB /* Products */ = {
			isa = PBXGroup;
			children = (
				8B6CAA2D1CAAC525001F9BEB /* LxDBAnythingDemo.app */,
				8B6CAA461CAAC525001F9BEB /* LxDBAnythingDemoTests.xctest */,
				8B6CAA511CAAC525001F9BEB /* LxDBAnythingDemoUITests.xctest */,
			);
			name = Products;
			sourceTree = "<group>";
		};
		8B6CAA2F1CAAC525001F9BEB /* LxDBAnythingDemo */ = {
			isa = PBXGroup;
			children = (
				8B6CAA651CAAC546001F9BEB /* Model */,
				8B6CAA631CAAC533001F9BEB /* Venders */,
				8B6CAA331CAAC525001F9BEB /* AppDelegate.h */,
				8B6CAA341CAAC525001F9BEB /* AppDelegate.m */,
				8B6CAA361CAAC525001F9BEB /* ViewController.h */,
				8B6CAA371CAAC525001F9BEB /* ViewController.m */,
				8B6CAA391CAAC525001F9BEB /* Main.storyboard */,
				8B6CAA3C1CAAC525001F9BEB /* Assets.xcassets */,
				8B6CAA3E1CAAC525001F9BEB /* LaunchScreen.storyboard */,
				8B6CAA411CAAC525001F9BEB /* Info.plist */,
				8B6CAA301CAAC525001F9BEB /* Supporting Files */,
			);
			path = LxDBAnythingDemo;
			sourceTree = "<group>";
		};
		8B6CAA301CAAC525001F9BEB /* Supporting Files */ = {
			isa = PBXGroup;
			children = (
				8B6CAA311CAAC525001F9BEB /* main.m */,
			);
			name = "Supporting Files";
			sourceTree = "<group>";
		};
		8B6CAA491CAAC525001F9BEB /* LxDBAnythingDemoTests */ = {
			isa = PBXGroup;
			children = (
				8B6CAA4A1CAAC525001F9BEB /* LxDBAnythingDemoTests.m */,
				8B6CAA4C1CAAC525001F9BEB /* Info.plist */,
			);
			path = LxDBAnythingDemoTests;
			sourceTree = "<group>";
		};
		8B6CAA541CAAC525001F9BEB /* LxDBAnythingDemoUITests */ = {
			isa = PBXGroup;
			children = (
				8B6CAA551CAAC525001F9BEB /* LxDBAnythingDemoUITests.m */,
				8B6CAA571CAAC525001F9BEB /* Info.plist */,
			);
			path = LxDBAnythingDemoUITests;
			sourceTree = "<group>";
		};
		8B6CAA631CAAC533001F9BEB /* Venders */ = {
			isa = PBXGroup;
			children = (
				8B6CAA641CAAC541001F9BEB /* LxDBAnything.h */,
			);
			name = Venders;
			sourceTree = "<group>";
		};
		8B6CAA651CAAC546001F9BEB /* Model */ = {
			isa = PBXGroup;
			children = (
				8B6CAA661CAAC556001F9BEB /* Person.h */,
				8B6CAA671CAAC556001F9BEB /* Person.m */,
			);
			name = Model;
			sourceTree = "<group>";
		};
/* End PBXGroup section */

/* Begin PBXNativeTarget section */
		8B6CAA2C1CAAC525001F9BEB /* LxDBAnythingDemo */ = {
			isa = PBXNativeTarget;
			buildConfigurationList = 8B6CAA5A1CAAC525001F9BEB /* Build configuration list for PBXNativeTarget "LxDBAnythingDemo" */;
			buildPhases = (
				8B6CAA291CAAC525001F9BEB /* Sources */,
				8B6CAA2A1CAAC525001F9BEB /* Frameworks */,
				8B6CAA2B1CAAC525001F9BEB /* Resources */,
			);
			buildRules = (
			);
			dependencies = (
			);
			name = LxDBAnythingDemo;
			productName = LxDBAnythingDemo;
			productReference = 8B6CAA2D1CAAC525001F9BEB /* LxDBAnythingDemo.app */;
			productType = "com.apple.product-type.application";
		};
		8B6CAA451CAAC525001F9BEB /* LxDBAnythingDemoTests */ = {
			isa = PBXNativeTarget;
			buildConfigurationList = 8B6CAA5D1CAAC525001F9BEB /* Build configuration list for PBXNativeTarget "LxDBAnythingDemoTests" */;
			buildPhases = (
				8B6CAA421CAAC525001F9BEB /* Sources */,
				8B6CAA431CAAC525001F9BEB /* Frameworks */,
				8B6CAA441CAAC525001F9BEB /* Resources */,
			);
			buildRules = (
			);
			dependencies = (
				8B6CAA481CAAC525001F9BEB /* PBXTargetDependency */,
			);
			name = LxDBAnythingDemoTests;
			productName = LxDBAnythingDemoTests;
			productReference = 8B6CAA461CAAC525001F9BEB /* LxDBAnythingDemoTests.xctest */;
			productType = "com.apple.product-type.bundle.unit-test";
		};
		8B6CAA501CAAC525001F9BEB /* LxDBAnythingDemoUITests */ = {
			isa = PBXNativeTarget;
			buildConfigurationList = 8B6CAA601CAAC525001F9BEB /* Build configuration list for PBXNativeTarget "LxDBAnythingDemoUITests" */;
			buildPhases = (
				8B6CAA4D1CAAC525001F9BEB /* Sources */,
				8B6CAA4E1CAAC525001F9BEB /* Frameworks */,
				8B6CAA4F1CAAC525001F9BEB /* Resources */,
			);
			buildRules = (
			);
			dependencies = (
				8B6CAA531CAAC525001F9BEB /* PBXTargetDependency */,
			);
			name = LxDBAnythingDemoUITests;
			productName = LxDBAnythingDemoUITests;
			productReference = 8B6CAA511CAAC525001F9BEB /* LxDBAnythingDemoUITests.xctest */;
			productType = "com.apple.product-type.bundle.ui-testing";
		};
/* End PBXNativeTarget section */

/* Begin PBXProject section */
		8B6CAA251CAAC525001F9BEB /* Project object */ = {
			isa = PBXProject;
			attributes = {
				LastUpgradeCheck = 0730;
				ORGANIZATIONNAME = lauren;
				TargetAttributes = {
					8B6CAA2C1CAAC525001F9BEB = {
						CreatedOnToolsVersion = 7.3;
						DevelopmentTeam = N6UE5BQK76;
					};
					8B6CAA451CAAC525001F9BEB = {
						CreatedOnToolsVersion = 7.3;
						DevelopmentTeam = N6UE5BQK76;
						TestTargetID = 8B6CAA2C1CAAC525001F9BEB;
					};
					8B6CAA501CAAC525001F9BEB = {
						CreatedOnToolsVersion = 7.3;
						DevelopmentTeam = N6UE5BQK76;
						TestTargetID = 8B6CAA2C1CAAC525001F9BEB;
					};
				};
			};
			buildConfigurationList = 8B6CAA281CAAC525001F9BEB /* Build configuration list for PBXProject "LxDBAnythingDemo" */;
			compatibilityVersion = "Xcode 3.2";
			developmentRegion = English;
			hasScannedForEncodings = 0;
			knownRegions = (
				en,
				Base,
			);
			mainGroup = 8B6CAA241CAAC525001F9BEB;
			productRefGroup = 8B6CAA2E1CAAC525001F9BEB /* Products */;
			projectDirPath = "";
			projectRoot = "";
			targets = (
				8B6CAA2C1CAAC525001F9BEB /* LxDBAnythingDemo */,
				8B6CAA451CAAC525001F9BEB /* LxDBAnythingDemoTests */,
				8B6CAA501CAAC525001F9BEB /* LxDBAnythingDemoUITests */,
			);
		};
/* End PBXProject section */

/* Begin PBXResourcesBuildPhase section */
		8B6CAA2B1CAAC525001F9BEB /* Resources */ = {
			isa = PBXResourcesBuildPhase;
			buildActionMask = 2147483647;
			files = (
				8B6CAA401CAAC525001F9BEB /* LaunchScreen.storyboard in Resources */,
				8B6CAA3D1CAAC525001F9BEB /* Assets.xcassets in Resources */,
				8B6CAA3B1CAAC525001F9BEB /* Main.storyboard in Resources */,
			);
			runOnlyForDeploymentPostprocessing = 0;
		};
		8B6CAA441CAAC525001F9BEB /* Resources */ = {
			isa = PBXResourcesBuildPhase;
			buildActionMask = 2147483647;
			files = (
			);
			runOnlyForDeploymentPostprocessing = 0;
		};
		8B6CAA4F1CAAC525001F9BEB /* Resources */ = {
			isa = PBXResourcesBuildPhase;
			buildActionMask = 2147483647;
			files = (
			);
			runOnlyForDeploymentPostprocessing = 0;
		};
/* End PBXResourcesBuildPhase section */

/* Begin PBXSourcesBuildPhase section */
		8B6CAA291CAAC525001F9BEB /* Sources */ = {
			isa = PBXSourcesBuildPhase;
			buildActionMask = 2147483647;
			files = (
				8B6CAA381CAAC525001F9BEB /* ViewController.m in Sources */,
				8B6CAA351CAAC525001F9BEB /* AppDelegate.m in Sources */,
				8B6CAA681CAAC556001F9BEB /* Person.m in Sources */,
				8B6CAA321CAAC525001F9BEB /* main.m in Sources */,
			);
			runOnlyForDeploymentPostprocessing = 0;
		};
		8B6CAA421CAAC525001F9BEB /* Sources */ = {
			isa = PBXSourcesBuildPhase;
			buildActionMask = 2147483647;
			files = (
				8B6CAA4B1CAAC525001F9BEB /* LxDBAnythingDemoTests.m in Sources */,
			);
			runOnlyForDeploymentPostprocessing = 0;
		};
		8B6CAA4D1CAAC525001F9BEB /* Sources */ = {
			isa = PBXSourcesBuildPhase;
			buildActionMask = 2147483647;
			files = (
				8B6CAA561CAAC525001F9BEB /* LxDBAnythingDemoUITests.m in Sources */,
			);
			runOnlyForDeploymentPostprocessing = 0;
		};
/* End PBXSourcesBuildPhase section */

/* Begin PBXTargetDependency section */
		8B6CAA481CAAC525001F9BEB /* PBXTargetDependency */ = {
			isa = PBXTargetDependency;
			target = 8B6CAA2C1CAAC525001F9BEB /* LxDBAnythingDemo */;
			targetProxy = 8B6CAA471CAAC525001F9BEB /* PBXContainerItemProxy */;
		};
		8B6CAA531CAAC525001F9BEB /* PBXTargetDependency */ = {
			isa = PBXTargetDependency;
			target = 8B6CAA2C1CAAC525001F9BEB /* LxDBAnythingDemo */;
			targetProxy = 8B6CAA521CAAC525001F9BEB /* PBXContainerItemProxy */;
		};
/* End PBXTargetDependency section */

/* Begin PBXVariantGroup section */
		8B6CAA391CAAC525001F9BEB /* Main.storyboard */ = {
			isa = PBXVariantGroup;
			children = (
				8B6CAA3A1CAAC525001F9BEB /* Base */,
			);
			name = Main.storyboard;
			sourceTree = "<group>";
		};
		8B6CAA3E1CAAC525001F9BEB /* LaunchScreen.storyboard */ = {
			isa = PBXVariantGroup;
			children = (
				8B6CAA3F1CAAC525001F9BEB /* Base */,
			);
			name = LaunchScreen.storyboard;
			sourceTree = "<group>";
		};
/* End PBXVariantGroup section */

/* Begin XCBuildConfiguration section */
		8B6CAA581CAAC525001F9BEB /* Debug */ = {
			isa = XCBuildConfiguration;
			buildSettings = {
				ALWAYS_SEARCH_USER_PATHS = NO;
				CLANG_ANALYZER_NONNULL = YES;
				CLANG_CXX_LANGUAGE_STANDARD = "gnu++0x";
				CLANG_CXX_LIBRARY = "libc++";
				CLANG_ENABLE_MODULES = YES;
				CLANG_ENABLE_OBJC_ARC = YES;
				CLANG_WARN_BOOL_CONVERSION = YES;
				CLANG_WARN_CONSTANT_CONVERSION = YES;
				CLANG_WARN_DIRECT_OBJC_ISA_USAGE = YES_ERROR;
				CLANG_WARN_EMPTY_BODY = YES;
				CLANG_WARN_ENUM_CONVERSION = YES;
				CLANG_WARN_INT_CONVERSION = YES;
				CLANG_WARN_OBJC_ROOT_CLASS = YES_ERROR;
				CLANG_WARN_UNREACHABLE_CODE = YES;
				CLANG_WARN__DUPLICATE_METHOD_MATCH = YES;
				"CODE_SIGN_IDENTITY[sdk=iphoneos*]" = "iPhone Developer";
				COPY_PHASE_STRIP = NO;
				DEBUG_INFORMATION_FORMAT = dwarf;
				ENABLE_STRICT_OBJC_MSGSEND = YES;
				ENABLE_TESTABILITY = YES;
				GCC_C_LANGUAGE_STANDARD = gnu99;
				GCC_DYNAMIC_NO_PIC = NO;
				GCC_NO_COMMON_BLOCKS = YES;
				GCC_OPTIMIZATION_LEVEL = 0;
				GCC_PREPROCESSOR_DEFINITIONS = (
					"DEBUG=1",
					"$(inherited)",
				);
				GCC_WARN_64_TO_32_BIT_CONVERSION = YES;
				GCC_WARN_ABOUT_RETURN_TYPE = YES_ERROR;
				GCC_WARN_UNDECLARED_SELECTOR = YES;
				GCC_WARN_UNINITIALIZED_AUTOS = YES_AGGRESSIVE;
				GCC_WARN_UNUSED_FUNCTION = YES;
				GCC_WARN_UNUSED_VARIABLE = YES;
				IPHONEOS_DEPLOYMENT_TARGET = 9.3;
				MTL_ENABLE_DEBUG_INFO = YES;
				ONLY_ACTIVE_ARCH = YES;
				SDKROOT = iphoneos;
				TARGETED_DEVICE_FAMILY = "1,2";
			};
			name = Debug;
		};
		8B6CAA591CAAC525001F9BEB /* Release */ = {
			isa = XCBuildConfiguration;
			buildSettings = {
				ALWAYS_SEARCH_USER_PATHS = NO;
				CLANG_ANALYZER_NONNULL = YES;
				CLANG_CXX_LANGUAGE_STANDARD = "gnu++0x";
				CLANG_CXX_LIBRARY = "libc++";
				CLANG_ENABLE_MODULES = YES;
				CLANG_ENABLE_OBJC_ARC = YES;
				CLANG_WARN_BOOL_CONVERSION = YES;
				CLANG_WARN_CONSTANT_CONVERSION = YES;
				CLANG_WARN_DIRECT_OBJC_ISA_USAGE = YES_ERROR;
				CLANG_WARN_EMPTY_BODY = YES;
				CLANG_WARN_ENUM_CONVERSION = YES;
				CLANG_WARN_INT_CONVERSION = YES;
				CLANG_WARN_OBJC_ROOT_CLASS = YES_ERROR;
				CLANG_WARN_UNREACHABLE_CODE = YES;
				CLANG_WARN__DUPLICATE_METHOD_MATCH = YES;
				"CODE_SIGN_IDENTITY[sdk=iphoneos*]" = "iPhone Developer";
				COPY_PHASE_STRIP = NO;
				DEBUG_INFORMATION_FORMAT = "dwarf-with-dsym";
				ENABLE_NS_ASSERTIONS = NO;
				ENABLE_STRICT_OBJC_MSGSEND = YES;
				GCC_C_LANGUAGE_STANDARD = gnu99;
				GCC_NO_COMMON_BLOCKS = YES;
				GCC_WARN_64_TO_32_BIT_CONVERSION = YES;
				GCC_WARN_ABOUT_RETURN_TYPE = YES_ERROR;
				GCC_WARN_UNDECLARED_SELECTOR = YES;
				GCC_WARN_UNINITIALIZED_AUTOS = YES_AGGRESSIVE;
				GCC_WARN_UNUSED_FUNCTION = YES;
				GCC_WARN_UNUSED_VARIABLE = YES;
				IPHONEOS_DEPLOYMENT_TARGET = 9.3;
				MTL_ENABLE_DEBUG_INFO = NO;
				SDKROOT = iphoneos;
				TARGETED_DEVICE_FAMILY = "1,2";
				VALIDATE_PRODUCT = YES;
			};
			name = Release;
		};
		8B6CAA5B1CAAC525001F9BEB /* Debug */ = {
			isa = XCBuildConfiguration;
			buildSettings = {
				ASSETCATALOG_COMPILER_APPICON_NAME = AppIcon;
				INFOPLIST_FILE = LxDBAnythingDemo/Info.plist;
				LD_RUNPATH_SEARCH_PATHS = "$(inherited) @executable_path/Frameworks";
				PRODUCT_BUNDLE_IDENTIFIER = lauren.LxDBAnythingDemo;
				PRODUCT_NAME = "$(TARGET_NAME)";
			};
			name = Debug;
		};
		8B6CAA5C1CAAC525001F9BEB /* Release */ = {
			isa = XCBuildConfiguration;
			buildSettings = {
				ASSETCATALOG_COMPILER_APPICON_NAME = AppIcon;
				INFOPLIST_FILE = LxDBAnythingDemo/Info.plist;
				LD_RUNPATH_SEARCH_PATHS = "$(inherited) @executable_path/Frameworks";
				PRODUCT_BUNDLE_IDENTIFIER = lauren.LxDBAnythingDemo;
				PRODUCT_NAME = "$(TARGET_NAME)";
			};
			name = Release;
		};
		8B6CAA5E1CAAC525001F9BEB /* Debug */ = {
			isa = XCBuildConfiguration;
			buildSettings = {
				BUNDLE_LOADER = "$(TEST_HOST)";
				INFOPLIST_FILE = LxDBAnythingDemoTests/Info.plist;
				LD_RUNPATH_SEARCH_PATHS = "$(inherited) @executable_path/Frameworks @loader_path/Frameworks";
				PRODUCT_BUNDLE_IDENTIFIER = lauren.LxDBAnythingDemoTests;
				PRODUCT_NAME = "$(TARGET_NAME)";
				TEST_HOST = "$(BUILT_PRODUCTS_DIR)/LxDBAnythingDemo.app/LxDBAnythingDemo";
			};
			name = Debug;
		};
		8B6CAA5F1CAAC525001F9BEB /* Release */ = {
			isa = XCBuildConfiguration;
			buildSettings = {
				BUNDLE_LOADER = "$(TEST_HOST)";
				INFOPLIST_FILE = LxDBAnythingDemoTests/Info.plist;
				LD_RUNPATH_SEARCH_PATHS = "$(inherited) @executable_path/Frameworks @loader_path/Frameworks";
				PRODUCT_BUNDLE_IDENTIFIER = lauren.LxDBAnythingDemoTests;
				PRODUCT_NAME = "$(TARGET_NAME)";
				TEST_HOST = "$(BUILT_PRODUCTS_DIR)/LxDBAnythingDemo.app/LxDBAnythingDemo";
			};
			name = Release;
		};
		8B6CAA611CAAC525001F9BEB /* Debug */ = {
			isa = XCBuildConfiguration;
			buildSettings = {
				INFOPLIST_FILE = LxDBAnythingDemoUITests/Info.plist;
				LD_RUNPATH_SEARCH_PATHS = "$(inherited) @executable_path/Frameworks @loader_path/Frameworks";
				PRODUCT_BUNDLE_IDENTIFIER = lauren.LxDBAnythingDemoUITests;
				PRODUCT_NAME = "$(TARGET_NAME)";
				TEST_TARGET_NAME = LxDBAnythingDemo;
			};
			name = Debug;
		};
		8B6CAA621CAAC525001F9BEB /* Release */ = {
			isa = XCBuildConfiguration;
			buildSettings = {
				INFOPLIST_FILE = LxDBAnythingDemoUITests/Info.plist;
				LD_RUNPATH_SEARCH_PATHS = "$(inherited) @executable_path/Frameworks @loader_path/Frameworks";
				PRODUCT_BUNDLE_IDENTIFIER = lauren.LxDBAnythingDemoUITests;
				PRODUCT_NAME = "$(TARGET_NAME)";
				TEST_TARGET_NAME = LxDBAnythingDemo;
			};
			name = Release;
		};
/* End XCBuildConfiguration section */

/* Begin XCConfigurationList section */
		8B6CAA281CAAC525001F9BEB /* Build configuration list for PBXProject "LxDBAnythingDemo" */ = {
			isa = XCConfigurationList;
			buildConfigurations = (
				8B6CAA581CAAC525001F9BEB /* Debug */,
				8B6CAA591CAAC525001F9BEB /* Release */,
			);
			defaultConfigurationIsVisible = 0;
			defaultConfigurationName = Release;
		};
		8B6CAA5A1CAAC525001F9BEB /* Build configuration list for PBXNativeTarget "LxDBAnythingDemo" */ = {
			isa = XCConfigurationList;
			buildConfigurations = (
				8B6CAA5B1CAAC525001F9BEB /* Debug */,
				8B6CAA5C1CAAC525001F9BEB /* Release */,
			);
			defaultConfigurationIsVisible = 0;
		};
		8B6CAA5D1CAAC525001F9BEB /* Build configuration list for PBXNativeTarget "LxDBAnythingDemoTests" */ = {
			isa = XCConfigurationList;
			buildConfigurations = (
				8B6CAA5E1CAAC525001F9BEB /* Debug */,
				8B6CAA5F1CAAC525001F9BEB /* Release */,
			);
			defaultConfigurationIsVisible = 0;
		};
		8B6CAA601CAAC525001F9BEB /* Build configuration list for PBXNativeTarget "LxDBAnythingDemoUITests" */ = {
			isa = XCConfigurationList;
			buildConfigurations = (
				8B6CAA611CAAC525001F9BEB /* Debug */,
				8B6CAA621CAAC525001F9BEB /* Release */,
			);
			defaultConfigurationIsVisible = 0;
		};
/* End XCConfigurationList section */
	};
	rootObject = 8B6CAA251CAAC525001F9BEB /* Project object */;
}
