// !$*UTF8*$!
{
	archiveVersion = 1;
	classes = {
	};
	objectVersion = 46;
	objects = {

/* Begin PBXBuildFile section */
		8B0609041CA2CBED00B568AA /* main.m in Sources */ = {isa = PBXBuildFile; fileRef = 8B0609031CA2CBED00B568AA /* main.m */; };
		8B0609071CA2CBED00B568AA /* AppDelegate.m in Sources */ = {isa = PBXBuildFile; fileRef = 8B0609061CA2CBED00B568AA /* AppDelegate.m */; };
		8B06090A1CA2CBED00B568AA /* ViewController.m in Sources */ = {isa = PBXBuildFile; fileRef = 8B0609091CA2CBED00B568AA /* ViewController.m */; };
		8B06090D1CA2CBED00B568AA /* Main.storyboard in Resources */ = {isa = PBXBuildFile; fileRef = 8B06090B1CA2CBED00B568AA /* Main.storyboard */; };
		8B06090F1CA2CBED00B568AA /* Assets.xcassets in Resources */ = {isa = PBXBuildFile; fileRef = 8B06090E1CA2CBED00B568AA /* Assets.xcassets */; };
		8B0609121CA2CBED00B568AA /* LaunchScreen.storyboard in Resources */ = {isa = PBXBuildFile; fileRef = 8B0609101CA2CBED00B568AA /* LaunchScreen.storyboard */; };
		8B06091D1CA2CBED00B568AA /* DownLoadDemoTests.m in Sources */ = {isa = PBXBuildFile; fileRef = 8B06091C1CA2CBED00B568AA /* DownLoadDemoTests.m */; };
		8B0609281CA2CBED00B568AA /* DownLoadDemoUITests.m in Sources */ = {isa = PBXBuildFile; fileRef = 8B0609271CA2CBED00B568AA /* DownLoadDemoUITests.m */; };
/* End PBXBuildFile section */

/* Begin PBXContainerItemProxy section */
		8B0609191CA2CBED00B568AA /* PBXContainerItemProxy */ = {
			isa = PBXContainerItemProxy;
			containerPortal = 8B0608F71CA2CBED00B568AA /* Project object */;
			proxyType = 1;
			remoteGlobalIDString = 8B0608FE1CA2CBED00B568AA;
			remoteInfo = DownLoadDemo;
		};
		8B0609241CA2CBED00B568AA /* PBXContainerItemProxy */ = {
			isa = PBXContainerItemProxy;
			containerPortal = 8B0608F71CA2CBED00B568AA /* Project object */;
			proxyType = 1;
			remoteGlobalIDString = 8B0608FE1CA2CBED00B568AA;
			remoteInfo = DownLoadDemo;
		};
/* End PBXContainerItemProxy section */

/* Begin PBXFileReference section */
		8B0608FF1CA2CBED00B568AA /* DownLoadDemo.app */ = {isa = PBXFileReference; explicitFileType = wrapper.application; includeInIndex = 0; path = DownLoadDemo.app; sourceTree = BUILT_PRODUCTS_DIR; };
		8B0609031CA2CBED00B568AA /* main.m */ = {isa = PBXFileReference; lastKnownFileType = sourcecode.c.objc; path = main.m; sourceTree = "<group>"; };
		8B0609051CA2CBED00B568AA /* AppDelegate.h */ = {isa = PBXFileReference; lastKnownFileType = sourcecode.c.h; path = AppDelegate.h; sourceTree = "<group>"; };
		8B0609061CA2CBED00B568AA /* AppDelegate.m */ = {isa = PBXFileReference; lastKnownFileType = sourcecode.c.objc; path = AppDelegate.m; sourceTree = "<group>"; };
		8B0609081CA2CBED00B568AA /* ViewController.h */ = {isa = PBXFileReference; lastKnownFileType = sourcecode.c.h; path = ViewController.h; sourceTree = "<group>"; };
		8B0609091CA2CBED00B568AA /* ViewController.m */ = {isa = PBXFileReference; lastKnownFileType = sourcecode.c.objc; path = ViewController.m; sourceTree = "<group>"; };
		8B06090C1CA2CBED00B568AA /* Base */ = {isa = PBXFileReference; lastKnownFileType = file.storyboard; name = Base; path = Base.lproj/Main.storyboard; sourceTree = "<group>"; };
		8B06090E1CA2CBED00B568AA /* Assets.xcassets */ = {isa = PBXFileReference; lastKnownFileType = folder.assetcatalog; path = Assets.xcassets; sourceTree = "<group>"; };
		8B0609111CA2CBED00B568AA /* Base */ = {isa = PBXFileReference; lastKnownFileType = file.storyboard; name = Base; path = Base.lproj/LaunchScreen.storyboard; sourceTree = "<group>"; };
		8B0609131CA2CBED00B568AA /* Info.plist */ = {isa = PBXFileReference; lastKnownFileType = text.plist.xml; path = Info.plist; sourceTree = "<group>"; };
		8B0609181CA2CBED00B568AA /* DownLoadDemoTests.xctest */ = {isa = PBXFileReference; explicitFileType = wrapper.cfbundle; includeInIndex = 0; path = DownLoadDemoTests.xctest; sourceTree = BUILT_PRODUCTS_DIR; };
		8B06091C1CA2CBED00B568AA /* DownLoadDemoTests.m */ = {isa = PBXFileReference; lastKnownFileType = sourcecode.c.objc; path = DownLoadDemoTests.m; sourceTree = "<group>"; };
		8B06091E1CA2CBED00B568AA /* Info.plist */ = {isa = PBXFileReference; lastKnownFileType = text.plist.xml; path = Info.plist; sourceTree = "<group>"; };
		8B0609231CA2CBED00B568AA /* DownLoadDemoUITests.xctest */ = {isa = PBXFileReference; explicitFileType = wrapper.cfbundle; includeInIndex = 0; path = DownLoadDemoUITests.xctest; sourceTree = BUILT_PRODUCTS_DIR; };
		8B0609271CA2CBED00B568AA /* DownLoadDemoUITests.m */ = {isa = PBXFileReference; lastKnownFileType = sourcecode.c.objc; path = DownLoadDemoUITests.m; sourceTree = "<group>"; };
		8B0609291CA2CBED00B568AA /* Info.plist */ = {isa = PBXFileReference; lastKnownFileType = text.plist.xml; path = Info.plist; sourceTree = "<group>"; };
/* End PBXFileReference section */

/* Begin PBXFrameworksBuildPhase section */
		8B0608FC1CA2CBED00B568AA /* Frameworks */ = {
			isa = PBXFrameworksBuildPhase;
			buildActionMask = 2147483647;
			files = (
			);
			runOnlyForDeploymentPostprocessing = 0;
		};
		8B0609151CA2CBED00B568AA /* Frameworks */ = {
			isa = PBXFrameworksBuildPhase;
			buildActionMask = 2147483647;
			files = (
			);
			runOnlyForDeploymentPostprocessing = 0;
		};
		8B0609201CA2CBED00B568AA /* Frameworks */ = {
			isa = PBXFrameworksBuildPhase;
			buildActionMask = 2147483647;
			files = (
			);
			runOnlyForDeploymentPostprocessing = 0;
		};
/* End PBXFrameworksBuildPhase section */

/* Begin PBXGroup section */
		8B0608F61CA2CBED00B568AA = {
			isa = PBXGroup;
			children = (
				8B0609011CA2CBED00B568AA /* DownLoadDemo */,
				8B06091B1CA2CBED00B568AA /* DownLoadDemoTests */,
				8B0609261CA2CBED00B568AA /* DownLoadDemoUITests */,
				8B0609001CA2CBED00B568AA /* Products */,
			);
			sourceTree = "<group>";
		};
		8B0609001CA2CBED00B568AA /* Products */ = {
			isa = PBXGroup;
			children = (
				8B0608FF1CA2CBED00B568AA /* DownLoadDemo.app */,
				8B0609181CA2CBED00B568AA /* DownLoadDemoTests.xctest */,
				8B0609231CA2CBED00B568AA /* DownLoadDemoUITests.xctest */,
			);
			name = Products;
			sourceTree = "<group>";
		};
		8B0609011CA2CBED00B568AA /* DownLoadDemo */ = {
			isa = PBXGroup;
			children = (
				8B0609051CA2CBED00B568AA /* AppDelegate.h */,
				8B0609061CA2CBED00B568AA /* AppDelegate.m */,
				8B0609081CA2CBED00B568AA /* ViewController.h */,
				8B0609091CA2CBED00B568AA /* ViewController.m */,
				8B06090B1CA2CBED00B568AA /* Main.storyboard */,
				8B06090E1CA2CBED00B568AA /* Assets.xcassets */,
				8B0609101CA2CBED00B568AA /* LaunchScreen.storyboard */,
				8B0609131CA2CBED00B568AA /* Info.plist */,
				8B0609021CA2CBED00B568AA /* Supporting Files */,
			);
			path = DownLoadDemo;
			sourceTree = "<group>";
		};
		8B0609021CA2CBED00B568AA /* Supporting Files */ = {
			isa = PBXGroup;
			children = (
				8B0609031CA2CBED00B568AA /* main.m */,
			);
			name = "Supporting Files";
			sourceTree = "<group>";
		};
		8B06091B1CA2CBED00B568AA /* DownLoadDemoTests */ = {
			isa = PBXGroup;
			children = (
				8B06091C1CA2CBED00B568AA /* DownLoadDemoTests.m */,
				8B06091E1CA2CBED00B568AA /* Info.plist */,
			);
			path = DownLoadDemoTests;
			sourceTree = "<group>";
		};
		8B0609261CA2CBED00B568AA /* DownLoadDemoUITests */ = {
			isa = PBXGroup;
			children = (
				8B0609271CA2CBED00B568AA /* DownLoadDemoUITests.m */,
				8B0609291CA2CBED00B568AA /* Info.plist */,
			);
			path = DownLoadDemoUITests;
			sourceTree = "<group>";
		};
/* End PBXGroup section */

/* Begin PBXNativeTarget section */
		8B0608FE1CA2CBED00B568AA /* DownLoadDemo */ = {
			isa = PBXNativeTarget;
			buildConfigurationList = 8B06092C1CA2CBED00B568AA /* Build configuration list for PBXNativeTarget "DownLoadDemo" */;
			buildPhases = (
				8B0608FB1CA2CBED00B568AA /* Sources */,
				8B0608FC1CA2CBED00B568AA /* Frameworks */,
				8B0608FD1CA2CBED00B568AA /* Resources */,
			);
			buildRules = (
			);
			dependencies = (
			);
			name = DownLoadDemo;
			productName = DownLoadDemo;
			productReference = 8B0608FF1CA2CBED00B568AA /* DownLoadDemo.app */;
			productType = "com.apple.product-type.application";
		};
		8B0609171CA2CBED00B568AA /* DownLoadDemoTests */ = {
			isa = PBXNativeTarget;
			buildConfigurationList = 8B06092F1CA2CBED00B568AA /* Build configuration list for PBXNativeTarget "DownLoadDemoTests" */;
			buildPhases = (
				8B0609141CA2CBED00B568AA /* Sources */,
				8B0609151CA2CBED00B568AA /* Frameworks */,
				8B0609161CA2CBED00B568AA /* Resources */,
			);
			buildRules = (
			);
			dependencies = (
				8B06091A1CA2CBED00B568AA /* PBXTargetDependency */,
			);
			name = DownLoadDemoTests;
			productName = DownLoadDemoTests;
			productReference = 8B0609181CA2CBED00B568AA /* DownLoadDemoTests.xctest */;
			productType = "com.apple.product-type.bundle.unit-test";
		};
		8B0609221CA2CBED00B568AA /* DownLoadDemoUITests */ = {
			isa = PBXNativeTarget;
			buildConfigurationList = 8B0609321CA2CBED00B568AA /* Build configuration list for PBXNativeTarget "DownLoadDemoUITests" */;
			buildPhases = (
				8B06091F1CA2CBED00B568AA /* Sources */,
				8B0609201CA2CBED00B568AA /* Frameworks */,
				8B0609211CA2CBED00B568AA /* Resources */,
			);
			buildRules = (
			);
			dependencies = (
				8B0609251CA2CBED00B568AA /* PBXTargetDependency */,
			);
			name = DownLoadDemoUITests;
			productName = DownLoadDemoUITests;
			productReference = 8B0609231CA2CBED00B568AA /* DownLoadDemoUITests.xctest */;
			productType = "com.apple.product-type.bundle.ui-testing";
		};
/* End PBXNativeTarget section */

/* Begin PBXProject section */
		8B0608F71CA2CBED00B568AA /* Project object */ = {
			isa = PBXProject;
			attributes = {
				LastUpgradeCheck = 0720;
				ORGANIZATIONNAME = lauren;
				TargetAttributes = {
					8B0608FE1CA2CBED00B568AA = {
						CreatedOnToolsVersion = 7.2.1;
						DevelopmentTeam = N6UE5BQK76;
					};
					8B0609171CA2CBED00B568AA = {
						CreatedOnToolsVersion = 7.2.1;
						DevelopmentTeam = N6UE5BQK76;
						TestTargetID = 8B0608FE1CA2CBED00B568AA;
					};
					8B0609221CA2CBED00B568AA = {
						CreatedOnToolsVersion = 7.2.1;
						DevelopmentTeam = N6UE5BQK76;
						TestTargetID = 8B0608FE1CA2CBED00B568AA;
					};
				};
			};
			buildConfigurationList = 8B0608FA1CA2CBED00B568AA /* Build configuration list for PBXProject "DownLoadDemo" */;
			compatibilityVersion = "Xcode 3.2";
			developmentRegion = English;
			hasScannedForEncodings = 0;
			knownRegions = (
				en,
				Base,
			);
			mainGroup = 8B0608F61CA2CBED00B568AA;
			productRefGroup = 8B0609001CA2CBED00B568AA /* Products */;
			projectDirPath = "";
			projectRoot = "";
			targets = (
				8B0608FE1CA2CBED00B568AA /* DownLoadDemo */,
				8B0609171CA2CBED00B568AA /* DownLoadDemoTests */,
				8B0609221CA2CBED00B568AA /* DownLoadDemoUITests */,
			);
		};
/* End PBXProject section */

/* Begin PBXResourcesBuildPhase section */
		8B0608FD1CA2CBED00B568AA /* Resources */ = {
			isa = PBXResourcesBuildPhase;
			buildActionMask = 2147483647;
			files = (
				8B0609121CA2CBED00B568AA /* LaunchScreen.storyboard in Resources */,
				8B06090F1CA2CBED00B568AA /* Assets.xcassets in Resources */,
				8B06090D1CA2CBED00B568AA /* Main.storyboard in Resources */,
			);
			runOnlyForDeploymentPostprocessing = 0;
		};
		8B0609161CA2CBED00B568AA /* Resources */ = {
			isa = PBXResourcesBuildPhase;
			buildActionMask = 2147483647;
			files = (
			);
			runOnlyForDeploymentPostprocessing = 0;
		};
		8B0609211CA2CBED00B568AA /* Resources */ = {
			isa = PBXResourcesBuildPhase;
			buildActionMask = 2147483647;
			files = (
			);
			runOnlyForDeploymentPostprocessing = 0;
		};
/* End PBXResourcesBuildPhase section */

/* Begin PBXSourcesBuildPhase section */
		8B0608FB1CA2CBED00B568AA /* Sources */ = {
			isa = PBXSourcesBuildPhase;
			buildActionMask = 2147483647;
			files = (
				8B06090A1CA2CBED00B568AA /* ViewController.m in Sources */,
				8B0609071CA2CBED00B568AA /* AppDelegate.m in Sources */,
				8B0609041CA2CBED00B568AA /* main.m in Sources */,
			);
			runOnlyForDeploymentPostprocessing = 0;
		};
		8B0609141CA2CBED00B568AA /* Sources */ = {
			isa = PBXSourcesBuildPhase;
			buildActionMask = 2147483647;
			files = (
				8B06091D1CA2CBED00B568AA /* DownLoadDemoTests.m in Sources */,
			);
			runOnlyForDeploymentPostprocessing = 0;
		};
		8B06091F1CA2CBED00B568AA /* Sources */ = {
			isa = PBXSourcesBuildPhase;
			buildActionMask = 2147483647;
			files = (
				8B0609281CA2CBED00B568AA /* DownLoadDemoUITests.m in Sources */,
			);
			runOnlyForDeploymentPostprocessing = 0;
		};
/* End PBXSourcesBuildPhase section */

/* Begin PBXTargetDependency section */
		8B06091A1CA2CBED00B568AA /* PBXTargetDependency */ = {
			isa = PBXTargetDependency;
			target = 8B0608FE1CA2CBED00B568AA /* DownLoadDemo */;
			targetProxy = 8B0609191CA2CBED00B568AA /* PBXContainerItemProxy */;
		};
		8B0609251CA2CBED00B568AA /* PBXTargetDependency */ = {
			isa = PBXTargetDependency;
			target = 8B0608FE1CA2CBED00B568AA /* DownLoadDemo */;
			targetProxy = 8B0609241CA2CBED00B568AA /* PBXContainerItemProxy */;
		};
/* End PBXTargetDependency section */

/* Begin PBXVariantGroup section */
		8B06090B1CA2CBED00B568AA /* Main.storyboard */ = {
			isa = PBXVariantGroup;
			children = (
				8B06090C1CA2CBED00B568AA /* Base */,
			);
			name = Main.storyboard;
			sourceTree = "<group>";
		};
		8B0609101CA2CBED00B568AA /* LaunchScreen.storyboard */ = {
			isa = PBXVariantGroup;
			children = (
				8B0609111CA2CBED00B568AA /* Base */,
			);
			name = LaunchScreen.storyboard;
			sourceTree = "<group>";
		};
/* End PBXVariantGroup section */

/* Begin XCBuildConfiguration section */
		8B06092A1CA2CBED00B568AA /* Debug */ = {
			isa = XCBuildConfiguration;
			buildSettings = {
				ALWAYS_SEARCH_USER_PATHS = NO;
				CLANG_CXX_LANGUAGE_STANDARD = "gnu++0x";
				CLANG_CXX_LIBRARY = "libc++";
				CLANG_ENABLE_MODULES = YES;
				CLANG_ENABLE_OBJC_ARC = YES;
				CLANG_WARN_BOOL_CONVERSION = YES;
				CLANG_WARN_CONSTANT_CONVERSION = YES;
				CLANG_WARN_DIRECT_OBJC_ISA_USAGE = YES_ERROR;
				CLANG_WARN_EMPTY_BODY = YES;
				CLANG_WARN_ENUM_CONVERSION = YES;
				CLANG_WARN_INT_CONVERSION = YES;
				CLANG_WARN_OBJC_ROOT_CLASS = YES_ERROR;
				CLANG_WARN_UNREACHABLE_CODE = YES;
				CLANG_WARN__DUPLICATE_METHOD_MATCH = YES;
				"CODE_SIGN_IDENTITY[sdk=iphoneos*]" = "iPhone Developer";
				COPY_PHASE_STRIP = NO;
				DEBUG_INFORMATION_FORMAT = dwarf;
				ENABLE_STRICT_OBJC_MSGSEND = YES;
				ENABLE_TESTABILITY = YES;
				GCC_C_LANGUAGE_STANDARD = gnu99;
				GCC_DYNAMIC_NO_PIC = NO;
				GCC_NO_COMMON_BLOCKS = YES;
				GCC_OPTIMIZATION_LEVEL = 0;
				GCC_PREPROCESSOR_DEFINITIONS = (
					"DEBUG=1",
					"$(inherited)",
				);
				GCC_WARN_64_TO_32_BIT_CONVERSION = YES;
				GCC_WARN_ABOUT_RETURN_TYPE = YES_ERROR;
				GCC_WARN_UNDECLARED_SELECTOR = YES;
				GCC_WARN_UNINITIALIZED_AUTOS = YES_AGGRESSIVE;
				GCC_WARN_UNUSED_FUNCTION = YES;
				GCC_WARN_UNUSED_VARIABLE = YES;
				IPHONEOS_DEPLOYMENT_TARGET = 9.2;
				MTL_ENABLE_DEBUG_INFO = YES;
				ONLY_ACTIVE_ARCH = YES;
				SDKROOT = iphoneos;
				TARGETED_DEVICE_FAMILY = "1,2";
			};
			name = Debug;
		};
		8B06092B1CA2CBED00B568AA /* Release */ = {
			isa = XCBuildConfiguration;
			buildSettings = {
				ALWAYS_SEARCH_USER_PATHS = NO;
				CLANG_CXX_LANGUAGE_STANDARD = "gnu++0x";
				CLANG_CXX_LIBRARY = "libc++";
				CLANG_ENABLE_MODULES = YES;
				CLANG_ENABLE_OBJC_ARC = YES;
				CLANG_WARN_BOOL_CONVERSION = YES;
				CLANG_WARN_CONSTANT_CONVERSION = YES;
				CLANG_WARN_DIRECT_OBJC_ISA_USAGE = YES_ERROR;
				CLANG_WARN_EMPTY_BODY = YES;
				CLANG_WARN_ENUM_CONVERSION = YES;
				CLANG_WARN_INT_CONVERSION = YES;
				CLANG_WARN_OBJC_ROOT_CLASS = YES_ERROR;
				CLANG_WARN_UNREACHABLE_CODE = YES;
				CLANG_WARN__DUPLICATE_METHOD_MATCH = YES;
				"CODE_SIGN_IDENTITY[sdk=iphoneos*]" = "iPhone Developer";
				COPY_PHASE_STRIP = NO;
				DEBUG_INFORMATION_FORMAT = "dwarf-with-dsym";
				ENABLE_NS_ASSERTIONS = NO;
				ENABLE_STRICT_OBJC_MSGSEND = YES;
				GCC_C_LANGUAGE_STANDARD = gnu99;
				GCC_NO_COMMON_BLOCKS = YES;
				GCC_WARN_64_TO_32_BIT_CONVERSION = YES;
				GCC_WARN_ABOUT_RETURN_TYPE = YES_ERROR;
				GCC_WARN_UNDECLARED_SELECTOR = YES;
				GCC_WARN_UNINITIALIZED_AUTOS = YES_AGGRESSIVE;
				GCC_WARN_UNUSED_FUNCTION = YES;
				GCC_WARN_UNUSED_VARIABLE = YES;
				IPHONEOS_DEPLOYMENT_TARGET = 9.2;
				MTL_ENABLE_DEBUG_INFO = NO;
				SDKROOT = iphoneos;
				TARGETED_DEVICE_FAMILY = "1,2";
				VALIDATE_PRODUCT = YES;
			};
			name = Release;
		};
		8B06092D1CA2CBED00B568AA /* Debug */ = {
			isa = XCBuildConfiguration;
			buildSettings = {
				ASSETCATALOG_COMPILER_APPICON_NAME = AppIcon;
				INFOPLIST_FILE = DownLoadDemo/Info.plist;
				LD_RUNPATH_SEARCH_PATHS = "$(inherited) @executable_path/Frameworks";
				PRODUCT_BUNDLE_IDENTIFIER = lauren.DownLoadDemo;
				PRODUCT_NAME = "$(TARGET_NAME)";
			};
			name = Debug;
		};
		8B06092E1CA2CBED00B568AA /* Release */ = {
			isa = XCBuildConfiguration;
			buildSettings = {
				ASSETCATALOG_COMPILER_APPICON_NAME = AppIcon;
				INFOPLIST_FILE = DownLoadDemo/Info.plist;
				LD_RUNPATH_SEARCH_PATHS = "$(inherited) @executable_path/Frameworks";
				PRODUCT_BUNDLE_IDENTIFIER = lauren.DownLoadDemo;
				PRODUCT_NAME = "$(TARGET_NAME)";
			};
			name = Release;
		};
		8B0609301CA2CBED00B568AA /* Debug */ = {
			isa = XCBuildConfiguration;
			buildSettings = {
				BUNDLE_LOADER = "$(TEST_HOST)";
				INFOPLIST_FILE = DownLoadDemoTests/Info.plist;
				LD_RUNPATH_SEARCH_PATHS = "$(inherited) @executable_path/Frameworks @loader_path/Frameworks";
				PRODUCT_BUNDLE_IDENTIFIER = lauren.DownLoadDemoTests;
				PRODUCT_NAME = "$(TARGET_NAME)";
				TEST_HOST = "$(BUILT_PRODUCTS_DIR)/DownLoadDemo.app/DownLoadDemo";
			};
			name = Debug;
		};
		8B0609311CA2CBED00B568AA /* Release */ = {
			isa = XCBuildConfiguration;
			buildSettings = {
				BUNDLE_LOADER = "$(TEST_HOST)";
				INFOPLIST_FILE = DownLoadDemoTests/Info.plist;
				LD_RUNPATH_SEARCH_PATHS = "$(inherited) @executable_path/Frameworks @loader_path/Frameworks";
				PRODUCT_BUNDLE_IDENTIFIER = lauren.DownLoadDemoTests;
				PRODUCT_NAME = "$(TARGET_NAME)";
				TEST_HOST = "$(BUILT_PRODUCTS_DIR)/DownLoadDemo.app/DownLoadDemo";
			};
			name = Release;
		};
		8B0609331CA2CBED00B568AA /* Debug */ = {
			isa = XCBuildConfiguration;
			buildSettings = {
				INFOPLIST_FILE = DownLoadDemoUITests/Info.plist;
				LD_RUNPATH_SEARCH_PATHS = "$(inherited) @executable_path/Frameworks @loader_path/Frameworks";
				PRODUCT_BUNDLE_IDENTIFIER = lauren.DownLoadDemoUITests;
				PRODUCT_NAME = "$(TARGET_NAME)";
				TEST_TARGET_NAME = DownLoadDemo;
				USES_XCTRUNNER = YES;
			};
			name = Debug;
		};
		8B0609341CA2CBED00B568AA /* Release */ = {
			isa = XCBuildConfiguration;
			buildSettings = {
				INFOPLIST_FILE = DownLoadDemoUITests/Info.plist;
				LD_RUNPATH_SEARCH_PATHS = "$(inherited) @executable_path/Frameworks @loader_path/Frameworks";
				PRODUCT_BUNDLE_IDENTIFIER = lauren.DownLoadDemoUITests;
				PRODUCT_NAME = "$(TARGET_NAME)";
				TEST_TARGET_NAME = DownLoadDemo;
				USES_XCTRUNNER = YES;
			};
			name = Release;
		};
/* End XCBuildConfiguration section */

/* Begin XCConfigurationList section */
		8B0608FA1CA2CBED00B568AA /* Build configuration list for PBXProject "DownLoadDemo" */ = {
			isa = XCConfigurationList;
			buildConfigurations = (
				8B06092A1CA2CBED00B568AA /* Debug */,
				8B06092B1CA2CBED00B568AA /* Release */,
			);
			defaultConfigurationIsVisible = 0;
			defaultConfigurationName = Release;
		};
		8B06092C1CA2CBED00B568AA /* Build configuration list for PBXNativeTarget "DownLoadDemo" */ = {
			isa = XCConfigurationList;
			buildConfigurations = (
				8B06092D1CA2CBED00B568AA /* Debug */,
				8B06092E1CA2CBED00B568AA /* Release */,
			);
			defaultConfigurationIsVisible = 0;
		};
		8B06092F1CA2CBED00B568AA /* Build configuration list for PBXNativeTarget "DownLoadDemoTests" */ = {
			isa = XCConfigurationList;
			buildConfigurations = (
				8B0609301CA2CBED00B568AA /* Debug */,
				8B0609311CA2CBED00B568AA /* Release */,
			);
			defaultConfigurationIsVisible = 0;
		};
		8B0609321CA2CBED00B568AA /* Build configuration list for PBXNativeTarget "DownLoadDemoUITests" */ = {
			isa = XCConfigurationList;
			buildConfigurations = (
				8B0609331CA2CBED00B568AA /* Debug */,
				8B0609341CA2CBED00B568AA /* Release */,
			);
			defaultConfigurationIsVisible = 0;
		};
/* End XCConfigurationList section */
	};
	rootObject = 8B0608F71CA2CBED00B568AA /* Project object */;
}
